
Microsoft Visual Studio Solution File, Format Version 12.00
# Visual Studio Version 17
VisualStudioVersion = 17.4.33110.190
MinimumVisualStudioVersion = 10.0.40219.1
Project("{FAE04EC0-301F-11D3-BF4B-00C04F79EFBC}") = "ASGSSTN007", "ASGSSTN007\ASGSSTN007.csproj", "{708FEAC3-038F-4B16-830C-973DB8E63D58}"
EndProject
Global
	GlobalSection(SolutionConfigurationPlatforms) = preSolution
		Debug|Any CPU = Debug|Any CPU
		Release|Any CPU = Release|Any CPU
	EndGlobalSection
	GlobalSection(ProjectConfigurationPlatforms) = postSolution
		{708FEAC3-038F-4B16-830C-973DB8E63D58}.Debug|Any CPU.ActiveCfg = Debug|Any CPU
		{708FEAC3-038F-4B16-830C-973DB8E63D58}.Debug|Any CPU.Build.0 = Debug|Any CPU
		{708FEAC3-038F-4B16-830C-973DB8E63D58}.Release|Any CPU.ActiveCfg = Release|Any CPU
		{708FEAC3-038F-4B16-830C-973DB8E63D58}.Release|Any CPU.Build.0 = Release|Any CPU
	EndGlobalSection
	GlobalSection(SolutionProperties) = preSolution
		HideSolutionNode = FALSE
	EndGlobalSection
	GlobalSection(ExtensibilityGlobals) = postSolution
		SolutionGuid = {986910B3-7D36-4535-85DC-89495F5D91A7}
	EndGlobalSection
EndGlobal
